
Microsoft Visual Studio Solution File, Format Version 12.00
# Visual Studio 15
VisualStudioVersion = 15.0.28010.2050
MinimumVisualStudioVersion = 10.0.40219.1
Project("{9A19103F-16F7-4668-BE54-9A1E7A4F7556}") = "Execview.BasketballAnalytics.Core", "Execview.BasketballAnalytics.Core\Execview.BasketballAnalytics.Core.csproj", "{8E7899C0-5F03-4FD7-883D-A3CA96046B10}"
EndProject
Project("{9A19103F-16F7-4668-BE54-9A1E7A4F7556}") = "Execview.BasketballAnalytics.Core.UnitTests", "Execview.BasketballAnalytics.Core.UnitTests\Execview.BasketballAnalytics.Core.UnitTests.csproj", "{20D165A8-A001-4AE8-8AB1-5472E3A52D9F}"
EndProject
Project("{9A19103F-16F7-4668-BE54-9A1E7A4F7556}") = "Execview.BasketballAnalytics.Core.IntegrationTests", "Execview.BasketballAnalytics.Core.IntegrationTests\Execview.BasketballAnalytics.Core.IntegrationTests.csproj", "{691688B1-841A-4FAE-88FC-E834D5BBFFEE}"
EndProject
Project("{FAE04EC0-301F-11D3-BF4B-00C04F79EFBC}") = "Execview.BasketballAnalytics.ConsoleApp", "Execview.BasketballAnalytics.ConsoleApp\Execview.BasketballAnalytics.ConsoleApp.csproj", "{E13C4A74-5D1C-4615-BBFF-F3C60ED65B36}"
EndProject
Global
	GlobalSection(SolutionConfigurationPlatforms) = preSolution
		Debug|Any CPU = Debug|Any CPU
		Release|Any CPU = Release|Any CPU
	EndGlobalSection
	GlobalSection(ProjectConfigurationPlatforms) = postSolution
		{8E7899C0-5F03-4FD7-883D-A3CA96046B10}.Debug|Any CPU.ActiveCfg = Debug|Any CPU
		{8E7899C0-5F03-4FD7-883D-A3CA96046B10}.Debug|Any CPU.Build.0 = Debug|Any CPU
		{8E7899C0-5F03-4FD7-883D-A3CA96046B10}.Release|Any CPU.ActiveCfg = Release|Any CPU
		{8E7899C0-5F03-4FD7-883D-A3CA96046B10}.Release|Any CPU.Build.0 = Release|Any CPU
		{20D165A8-A001-4AE8-8AB1-5472E3A52D9F}.Debug|Any CPU.ActiveCfg = Debug|Any CPU
		{20D165A8-A001-4AE8-8AB1-5472E3A52D9F}.Debug|Any CPU.Build.0 = Debug|Any CPU
		{20D165A8-A001-4AE8-8AB1-5472E3A52D9F}.Release|Any CPU.ActiveCfg = Release|Any CPU
		{20D165A8-A001-4AE8-8AB1-5472E3A52D9F}.Release|Any CPU.Build.0 = Release|Any CPU
		{691688B1-841A-4FAE-88FC-E834D5BBFFEE}.Debug|Any CPU.ActiveCfg = Debug|Any CPU
		{691688B1-841A-4FAE-88FC-E834D5BBFFEE}.Debug|Any CPU.Build.0 = Debug|Any CPU
		{691688B1-841A-4FAE-88FC-E834D5BBFFEE}.Release|Any CPU.ActiveCfg = Release|Any CPU
		{691688B1-841A-4FAE-88FC-E834D5BBFFEE}.Release|Any CPU.Build.0 = Release|Any CPU
		{E13C4A74-5D1C-4615-BBFF-F3C60ED65B36}.Debug|Any CPU.ActiveCfg = Debug|Any CPU
		{E13C4A74-5D1C-4615-BBFF-F3C60ED65B36}.Debug|Any CPU.Build.0 = Debug|Any CPU
		{E13C4A74-5D1C-4615-BBFF-F3C60ED65B36}.Release|Any CPU.ActiveCfg = Release|Any CPU
		{E13C4A74-5D1C-4615-BBFF-F3C60ED65B36}.Release|Any CPU.Build.0 = Release|Any CPU
	EndGlobalSection
	GlobalSection(SolutionProperties) = preSolution
		HideSolutionNode = FALSE
	EndGlobalSection
	GlobalSection(ExtensibilityGlobals) = postSolution
		SolutionGuid = {AE1293B5-09FE-47EA-B629-C29951C65227}
	EndGlobalSection
EndGlobal
